
Microsoft Visual Studio Solution File, Format Version 12.00
# Visual Studio 15
Project("{FAE04EC0-301F-11D3-BF4B-00C04F79EFBC}") = "CicekSepetiSeleniumCaseExample", "CicekSepetiSeleniumCaseExample\CicekSepetiSeleniumCaseExample.csproj", "{F730B126-5DE2-4F3C-9B90-207CE0D0DB9A}"
EndProject
Global
	GlobalSection(SolutionConfigurationPlatforms) = preSolution
		Debug|Any CPU = Debug|Any CPU
		Release|Any CPU = Release|Any CPU
	EndGlobalSection
	GlobalSection(ProjectConfigurationPlatforms) = postSolution
		{F730B126-5DE2-4F3C-9B90-207CE0D0DB9A}.Debug|Any CPU.ActiveCfg = Debug|Any CPU
		{F730B126-5DE2-4F3C-9B90-207CE0D0DB9A}.Debug|Any CPU.Build.0 = Debug|Any CPU
		{F730B126-5DE2-4F3C-9B90-207CE0D0DB9A}.Release|Any CPU.ActiveCfg = Release|Any CPU
		{F730B126-5DE2-4F3C-9B90-207CE0D0DB9A}.Release|Any CPU.Build.0 = Release|Any CPU
	EndGlobalSection
EndGlobal
